
Microsoft Visual Studio Solution File, Format Version 12.00
# Visual Studio Version 17
VisualStudioVersion = 17.5.33530.505
MinimumVisualStudioVersion = 10.0.40219.1
Project("{2150E333-8FDC-42A3-9474-1A3956D46DE8}") = "BookingService", "BookingService", "{946C3F7A-8B20-470E-9C35-C6BDA3C7A5A2}"
EndProject
Project("{2150E333-8FDC-42A3-9474-1A3956D46DE8}") = "PaymentService", "PaymentService", "{5635D17F-CD61-4947-A965-7D7719FD96E6}"
EndProject
Project("{2150E333-8FDC-42A3-9474-1A3956D46DE8}") = "Core", "Core", "{5457172B-00A2-4FDD-9520-99F6D4CD1C60}"
EndProject
Project("{2150E333-8FDC-42A3-9474-1A3956D46DE8}") = "Domain", "Domain", "{3F4E8FCD-903F-4FA2-83E1-C89AD041A376}"
EndProject
Project("{2150E333-8FDC-42A3-9474-1A3956D46DE8}") = "Application", "Application", "{2DD4A8DD-BD55-45BE-9007-04856B6716EE}"
EndProject
Project("{2150E333-8FDC-42A3-9474-1A3956D46DE8}") = "Adapters", "Adapters", "{EE2BD639-EDDD-4692-91CA-76726FC3A071}"
EndProject
Project("{2150E333-8FDC-42A3-9474-1A3956D46DE8}") = "Consumers", "Consumers", "{70B5A316-6E2B-4861-8E94-C2F1D8D8B8EA}"
EndProject
Project("{2150E333-8FDC-42A3-9474-1A3956D46DE8}") = "Tests", "Tests", "{A24018FD-617F-4349-8A17-6F38E0155023}"
EndProject
Project("{2150E333-8FDC-42A3-9474-1A3956D46DE8}") = "Domain", "Domain", "{F3AC35BD-1D47-4705-876A-B64A3B274E7D}"
EndProject
Project("{2150E333-8FDC-42A3-9474-1A3956D46DE8}") = "Application", "Application", "{940F746A-FE42-450A-A677-E23619980070}"
EndProject
Project("{2150E333-8FDC-42A3-9474-1A3956D46DE8}") = "Adapters", "Adapters", "{7898BA77-107E-4957-AF3B-D1B55E30C04A}"
EndProject
Project("{9A19103F-16F7-4668-BE54-9A1E7A4F7556}") = "DomainTests", "BookingService\Tests\Domain\DomainTests\DomainTests.csproj", "{9A0F2CDC-0614-4150-83EA-A1A31F8DE1DD}"
EndProject
Project("{9A19103F-16F7-4668-BE54-9A1E7A4F7556}") = "ApplicationTests", "BookingService\Tests\Application\ApplicationTests\ApplicationTests.csproj", "{BBA4920E-F5C7-4216-BFDC-46F5AD83493F}"
EndProject
Project("{9A19103F-16F7-4668-BE54-9A1E7A4F7556}") = "AdaptersTests", "BookingService\Tests\Adapters\AdaptersTests\AdaptersTests.csproj", "{87E37380-610C-43E0-9D3F-8FCF4A1A35EE}"
EndProject
Project("{9A19103F-16F7-4668-BE54-9A1E7A4F7556}") = "API", "BookingService\Consumers\API\API.csproj", "{1A594B6B-B741-4AEB-82FB-E8A9625657C9}"
EndProject
Project("{9A19103F-16F7-4668-BE54-9A1E7A4F7556}") = "Data", "BookingService\Adapters\Data\Data.csproj", "{62A74F82-E3FB-4522-9426-2735B99AEDA0}"
EndProject
Project("{9A19103F-16F7-4668-BE54-9A1E7A4F7556}") = "Application", "BookingService\Core\Application\Application.csproj", "{5372D2C8-07B3-4241-BC69-315A96D8DCFD}"
EndProject
Project("{9A19103F-16F7-4668-BE54-9A1E7A4F7556}") = "Domain", "BookingService\Core\Domain\Domain.csproj", "{61442244-1F0D-46AF-808F-3A6E580A273F}"
EndProject
Global
	GlobalSection(SolutionConfigurationPlatforms) = preSolution
		Debug|Any CPU = Debug|Any CPU
		Release|Any CPU = Release|Any CPU
	EndGlobalSection
	GlobalSection(ProjectConfigurationPlatforms) = postSolution
		{9A0F2CDC-0614-4150-83EA-A1A31F8DE1DD}.Debug|Any CPU.ActiveCfg = Debug|Any CPU
		{9A0F2CDC-0614-4150-83EA-A1A31F8DE1DD}.Debug|Any CPU.Build.0 = Debug|Any CPU
		{9A0F2CDC-0614-4150-83EA-A1A31F8DE1DD}.Release|Any CPU.ActiveCfg = Release|Any CPU
		{9A0F2CDC-0614-4150-83EA-A1A31F8DE1DD}.Release|Any CPU.Build.0 = Release|Any CPU
		{BBA4920E-F5C7-4216-BFDC-46F5AD83493F}.Debug|Any CPU.ActiveCfg = Debug|Any CPU
		{BBA4920E-F5C7-4216-BFDC-46F5AD83493F}.Debug|Any CPU.Build.0 = Debug|Any CPU
		{BBA4920E-F5C7-4216-BFDC-46F5AD83493F}.Release|Any CPU.ActiveCfg = Release|Any CPU
		{BBA4920E-F5C7-4216-BFDC-46F5AD83493F}.Release|Any CPU.Build.0 = Release|Any CPU
		{87E37380-610C-43E0-9D3F-8FCF4A1A35EE}.Debug|Any CPU.ActiveCfg = Debug|Any CPU
		{87E37380-610C-43E0-9D3F-8FCF4A1A35EE}.Debug|Any CPU.Build.0 = Debug|Any CPU
		{87E37380-610C-43E0-9D3F-8FCF4A1A35EE}.Release|Any CPU.ActiveCfg = Release|Any CPU
		{87E37380-610C-43E0-9D3F-8FCF4A1A35EE}.Release|Any CPU.Build.0 = Release|Any CPU
		{1A594B6B-B741-4AEB-82FB-E8A9625657C9}.Debug|Any CPU.ActiveCfg = Debug|Any CPU
		{1A594B6B-B741-4AEB-82FB-E8A9625657C9}.Debug|Any CPU.Build.0 = Debug|Any CPU
		{1A594B6B-B741-4AEB-82FB-E8A9625657C9}.Release|Any CPU.ActiveCfg = Release|Any CPU
		{1A594B6B-B741-4AEB-82FB-E8A9625657C9}.Release|Any CPU.Build.0 = Release|Any CPU
		{62A74F82-E3FB-4522-9426-2735B99AEDA0}.Debug|Any CPU.ActiveCfg = Debug|Any CPU
		{62A74F82-E3FB-4522-9426-2735B99AEDA0}.Debug|Any CPU.Build.0 = Debug|Any CPU
		{62A74F82-E3FB-4522-9426-2735B99AEDA0}.Release|Any CPU.ActiveCfg = Release|Any CPU
		{62A74F82-E3FB-4522-9426-2735B99AEDA0}.Release|Any CPU.Build.0 = Release|Any CPU
		{5372D2C8-07B3-4241-BC69-315A96D8DCFD}.Debug|Any CPU.ActiveCfg = Debug|Any CPU
		{5372D2C8-07B3-4241-BC69-315A96D8DCFD}.Debug|Any CPU.Build.0 = Debug|Any CPU
		{5372D2C8-07B3-4241-BC69-315A96D8DCFD}.Release|Any CPU.ActiveCfg = Release|Any CPU
		{5372D2C8-07B3-4241-BC69-315A96D8DCFD}.Release|Any CPU.Build.0 = Release|Any CPU
		{61442244-1F0D-46AF-808F-3A6E580A273F}.Debug|Any CPU.ActiveCfg = Debug|Any CPU
		{61442244-1F0D-46AF-808F-3A6E580A273F}.Debug|Any CPU.Build.0 = Debug|Any CPU
		{61442244-1F0D-46AF-808F-3A6E580A273F}.Release|Any CPU.ActiveCfg = Release|Any CPU
		{61442244-1F0D-46AF-808F-3A6E580A273F}.Release|Any CPU.Build.0 = Release|Any CPU
	EndGlobalSection
	GlobalSection(SolutionProperties) = preSolution
		HideSolutionNode = FALSE
	EndGlobalSection
	GlobalSection(NestedProjects) = preSolution
		{5457172B-00A2-4FDD-9520-99F6D4CD1C60} = {946C3F7A-8B20-470E-9C35-C6BDA3C7A5A2}
		{3F4E8FCD-903F-4FA2-83E1-C89AD041A376} = {5457172B-00A2-4FDD-9520-99F6D4CD1C60}
		{2DD4A8DD-BD55-45BE-9007-04856B6716EE} = {5457172B-00A2-4FDD-9520-99F6D4CD1C60}
		{EE2BD639-EDDD-4692-91CA-76726FC3A071} = {946C3F7A-8B20-470E-9C35-C6BDA3C7A5A2}
		{70B5A316-6E2B-4861-8E94-C2F1D8D8B8EA} = {946C3F7A-8B20-470E-9C35-C6BDA3C7A5A2}
		{A24018FD-617F-4349-8A17-6F38E0155023} = {946C3F7A-8B20-470E-9C35-C6BDA3C7A5A2}
		{F3AC35BD-1D47-4705-876A-B64A3B274E7D} = {A24018FD-617F-4349-8A17-6F38E0155023}
		{940F746A-FE42-450A-A677-E23619980070} = {A24018FD-617F-4349-8A17-6F38E0155023}
		{7898BA77-107E-4957-AF3B-D1B55E30C04A} = {A24018FD-617F-4349-8A17-6F38E0155023}
		{9A0F2CDC-0614-4150-83EA-A1A31F8DE1DD} = {F3AC35BD-1D47-4705-876A-B64A3B274E7D}
		{BBA4920E-F5C7-4216-BFDC-46F5AD83493F} = {940F746A-FE42-450A-A677-E23619980070}
		{87E37380-610C-43E0-9D3F-8FCF4A1A35EE} = {7898BA77-107E-4957-AF3B-D1B55E30C04A}
		{1A594B6B-B741-4AEB-82FB-E8A9625657C9} = {70B5A316-6E2B-4861-8E94-C2F1D8D8B8EA}
		{62A74F82-E3FB-4522-9426-2735B99AEDA0} = {EE2BD639-EDDD-4692-91CA-76726FC3A071}
		{5372D2C8-07B3-4241-BC69-315A96D8DCFD} = {2DD4A8DD-BD55-45BE-9007-04856B6716EE}
		{61442244-1F0D-46AF-808F-3A6E580A273F} = {3F4E8FCD-903F-4FA2-83E1-C89AD041A376}
	EndGlobalSection
	GlobalSection(ExtensibilityGlobals) = postSolution
		SolutionGuid = {1BC7E84F-29A5-4134-A907-21B282C96D68}
	EndGlobalSection
EndGlobal
